
Microsoft Visual Studio Solution File, Format Version 12.00
# Visual Studio 15
VisualStudioVersion = 15.0.27004.2005
MinimumVisualStudioVersion = 10.0.40219.1
Project("{FAE04EC0-301F-11D3-BF4B-00C04F79EFBC}") = "SanityArchiver", "SanityArchiver\SanityArchiver.csproj", "{973A5F14-25D3-41FC-A76D-2E2CA02D5473}"
EndProject
Global
	GlobalSection(SolutionConfigurationPlatforms) = preSolution
		Debug|Any CPU = Debug|Any CPU
		Release|Any CPU = Release|Any CPU
	EndGlobalSection
	GlobalSection(ProjectConfigurationPlatforms) = postSolution
		{973A5F14-25D3-41FC-A76D-2E2CA02D5473}.Debug|Any CPU.ActiveCfg = Debug|Any CPU
		{973A5F14-25D3-41FC-A76D-2E2CA02D5473}.Debug|Any CPU.Build.0 = Debug|Any CPU
		{973A5F14-25D3-41FC-A76D-2E2CA02D5473}.Release|Any CPU.ActiveCfg = Release|Any CPU
		{973A5F14-25D3-41FC-A76D-2E2CA02D5473}.Release|Any CPU.Build.0 = Release|Any CPU
	EndGlobalSection
	GlobalSection(SolutionProperties) = preSolution
		HideSolutionNode = FALSE
	EndGlobalSection
	GlobalSection(ExtensibilityGlobals) = postSolution
		SolutionGuid = {264F0182-96AC-492F-AF41-5B0190AE0BF4}
	EndGlobalSection
EndGlobal
